
Microsoft Visual Studio Solution File, Format Version 12.00
# Visual Studio Version 17
VisualStudioVersion = 17.8.34525.116
MinimumVisualStudioVersion = 10.0.40219.1
Project("{FAE04EC0-301F-11D3-BF4B-00C04F79EFBC}") = "CountriesAndCapitals", "CountriesAndCapitals\CountriesAndCapitals.csproj", "{E1339029-86FA-4030-AD61-8FA313217E1D}"
EndProject
Global
	GlobalSection(SolutionConfigurationPlatforms) = preSolution
		Debug|Any CPU = Debug|Any CPU
		Release|Any CPU = Release|Any CPU
	EndGlobalSection
	GlobalSection(ProjectConfigurationPlatforms) = postSolution
		{E1339029-86FA-4030-AD61-8FA313217E1D}.Debug|Any CPU.ActiveCfg = Debug|Any CPU
		{E1339029-86FA-4030-AD61-8FA313217E1D}.Debug|Any CPU.Build.0 = Debug|Any CPU
		{E1339029-86FA-4030-AD61-8FA313217E1D}.Release|Any CPU.ActiveCfg = Release|Any CPU
		{E1339029-86FA-4030-AD61-8FA313217E1D}.Release|Any CPU.Build.0 = Release|Any CPU
	EndGlobalSection
	GlobalSection(SolutionProperties) = preSolution
		HideSolutionNode = FALSE
	EndGlobalSection
	GlobalSection(ExtensibilityGlobals) = postSolution
		SolutionGuid = {47F4FB36-8F55-41D2-B3AD-FE1BDB8B91CB}
	EndGlobalSection
EndGlobal
